# This file is automatically @generated by Cargo.
# It is not intended for manual editing.
version = 4

[[package]]
name = "protoview-cli"
version = "0.1.0"
dependencies = [
 "protoview-lib",
]

[[package]]
name = "protoview-gui"
version = "0.1.0"

[[package]]
name = "protoview-lib"
version = "0.1.0"
